
Microsoft Visual Studio Solution File, Format Version 12.00
# Visual Studio Version 17
VisualStudioVersion = 17.0.31903.59
MinimumVisualStudioVersion = 10.0.40219.1
Project("{FAE04EC0-301F-11D3-BF4B-00C04F79EFBC}") = "UniversiteDomain", "UniversiteDomain\UniversiteDomain.csproj", "{007DEA04-2196-4ED5-8DF5-D294411CBB72}"
EndProject
Project("{FAE04EC0-301F-11D3-BF4B-00C04F79EFBC}") = "UniversiteDomainUnitTest", "UniversiteDomainUnitTest\UniversiteDomainUnitTest.csproj", "{266D9B85-7882-4F14-9DEC-9E05208C6101}"
EndProject
Project("{FAE04EC0-301F-11D3-BF4B-00C04F79EFBC}") = "UniversiteEFDataProvider", "UniversiteEFDataProvider\UniversiteEFDataProvider.csproj", "{7858D975-878A-4E24-82E9-1FE9D29FCBB3}"
EndProject
Project("{2150E333-8FDC-42A3-9474-1A3956D46DE8}") = "EntryPoints", "EntryPoints", "{CA5C8AA9-C4A9-4B31-81D7-8673312BB7F0}"
EndProject
Project("{FAE04EC0-301F-11D3-BF4B-00C04F79EFBC}") = "UniversiteRestApi", "UniversiteRestApi\UniversiteRestApi.csproj", "{1F7C4932-3344-440E-BB83-3C660798C68F}"
EndProject
Global
	GlobalSection(SolutionConfigurationPlatforms) = preSolution
		Debug|Any CPU = Debug|Any CPU
		Debug|x64 = Debug|x64
		Debug|x86 = Debug|x86
		Release|Any CPU = Release|Any CPU
		Release|x64 = Release|x64
		Release|x86 = Release|x86
	EndGlobalSection
	GlobalSection(ProjectConfigurationPlatforms) = postSolution
		{007DEA04-2196-4ED5-8DF5-D294411CBB72}.Debug|Any CPU.ActiveCfg = Debug|Any CPU
		{007DEA04-2196-4ED5-8DF5-D294411CBB72}.Debug|Any CPU.Build.0 = Debug|Any CPU
		{007DEA04-2196-4ED5-8DF5-D294411CBB72}.Debug|x64.ActiveCfg = Debug|Any CPU
		{007DEA04-2196-4ED5-8DF5-D294411CBB72}.Debug|x64.Build.0 = Debug|Any CPU
		{007DEA04-2196-4ED5-8DF5-D294411CBB72}.Debug|x86.ActiveCfg = Debug|Any CPU
		{007DEA04-2196-4ED5-8DF5-D294411CBB72}.Debug|x86.Build.0 = Debug|Any CPU
		{007DEA04-2196-4ED5-8DF5-D294411CBB72}.Release|Any CPU.ActiveCfg = Release|Any CPU
		{007DEA04-2196-4ED5-8DF5-D294411CBB72}.Release|Any CPU.Build.0 = Release|Any CPU
		{007DEA04-2196-4ED5-8DF5-D294411CBB72}.Release|x64.ActiveCfg = Release|Any CPU
		{007DEA04-2196-4ED5-8DF5-D294411CBB72}.Release|x64.Build.0 = Release|Any CPU
		{007DEA04-2196-4ED5-8DF5-D294411CBB72}.Release|x86.ActiveCfg = Release|Any CPU
		{007DEA04-2196-4ED5-8DF5-D294411CBB72}.Release|x86.Build.0 = Release|Any CPU
		{266D9B85-7882-4F14-9DEC-9E05208C6101}.Debug|Any CPU.ActiveCfg = Debug|Any CPU
		{266D9B85-7882-4F14-9DEC-9E05208C6101}.Debug|Any CPU.Build.0 = Debug|Any CPU
		{266D9B85-7882-4F14-9DEC-9E05208C6101}.Debug|x64.ActiveCfg = Debug|Any CPU
		{266D9B85-7882-4F14-9DEC-9E05208C6101}.Debug|x64.Build.0 = Debug|Any CPU
		{266D9B85-7882-4F14-9DEC-9E05208C6101}.Debug|x86.ActiveCfg = Debug|Any CPU
		{266D9B85-7882-4F14-9DEC-9E05208C6101}.Debug|x86.Build.0 = Debug|Any CPU
		{266D9B85-7882-4F14-9DEC-9E05208C6101}.Release|Any CPU.ActiveCfg = Release|Any CPU
		{266D9B85-7882-4F14-9DEC-9E05208C6101}.Release|Any CPU.Build.0 = Release|Any CPU
		{266D9B85-7882-4F14-9DEC-9E05208C6101}.Release|x64.ActiveCfg = Release|Any CPU
		{266D9B85-7882-4F14-9DEC-9E05208C6101}.Release|x64.Build.0 = Release|Any CPU
		{266D9B85-7882-4F14-9DEC-9E05208C6101}.Release|x86.ActiveCfg = Release|Any CPU
		{266D9B85-7882-4F14-9DEC-9E05208C6101}.Release|x86.Build.0 = Release|Any CPU
		{7858D975-878A-4E24-82E9-1FE9D29FCBB3}.Debug|Any CPU.ActiveCfg = Debug|Any CPU
		{7858D975-878A-4E24-82E9-1FE9D29FCBB3}.Debug|Any CPU.Build.0 = Debug|Any CPU
		{7858D975-878A-4E24-82E9-1FE9D29FCBB3}.Debug|x64.ActiveCfg = Debug|Any CPU
		{7858D975-878A-4E24-82E9-1FE9D29FCBB3}.Debug|x64.Build.0 = Debug|Any CPU
		{7858D975-878A-4E24-82E9-1FE9D29FCBB3}.Debug|x86.ActiveCfg = Debug|Any CPU
		{7858D975-878A-4E24-82E9-1FE9D29FCBB3}.Debug|x86.Build.0 = Debug|Any CPU
		{7858D975-878A-4E24-82E9-1FE9D29FCBB3}.Release|Any CPU.ActiveCfg = Release|Any CPU
		{7858D975-878A-4E24-82E9-1FE9D29FCBB3}.Release|Any CPU.Build.0 = Release|Any CPU
		{7858D975-878A-4E24-82E9-1FE9D29FCBB3}.Release|x64.ActiveCfg = Release|Any CPU
		{7858D975-878A-4E24-82E9-1FE9D29FCBB3}.Release|x64.Build.0 = Release|Any CPU
		{7858D975-878A-4E24-82E9-1FE9D29FCBB3}.Release|x86.ActiveCfg = Release|Any CPU
		{7858D975-878A-4E24-82E9-1FE9D29FCBB3}.Release|x86.Build.0 = Release|Any CPU
		{1F7C4932-3344-440E-BB83-3C660798C68F}.Debug|Any CPU.ActiveCfg = Debug|Any CPU
		{1F7C4932-3344-440E-BB83-3C660798C68F}.Debug|Any CPU.Build.0 = Debug|Any CPU
		{1F7C4932-3344-440E-BB83-3C660798C68F}.Debug|x64.ActiveCfg = Debug|Any CPU
		{1F7C4932-3344-440E-BB83-3C660798C68F}.Debug|x64.Build.0 = Debug|Any CPU
		{1F7C4932-3344-440E-BB83-3C660798C68F}.Debug|x86.ActiveCfg = Debug|Any CPU
		{1F7C4932-3344-440E-BB83-3C660798C68F}.Debug|x86.Build.0 = Debug|Any CPU
		{1F7C4932-3344-440E-BB83-3C660798C68F}.Release|Any CPU.ActiveCfg = Release|Any CPU
		{1F7C4932-3344-440E-BB83-3C660798C68F}.Release|Any CPU.Build.0 = Release|Any CPU
		{1F7C4932-3344-440E-BB83-3C660798C68F}.Release|x64.ActiveCfg = Release|Any CPU
		{1F7C4932-3344-440E-BB83-3C660798C68F}.Release|x64.Build.0 = Release|Any CPU
		{1F7C4932-3344-440E-BB83-3C660798C68F}.Release|x86.ActiveCfg = Release|Any CPU
		{1F7C4932-3344-440E-BB83-3C660798C68F}.Release|x86.Build.0 = Release|Any CPU
	EndGlobalSection
	GlobalSection(SolutionProperties) = preSolution
		HideSolutionNode = FALSE
	EndGlobalSection
	GlobalSection(NestedProjects) = preSolution
		{1F7C4932-3344-440E-BB83-3C660798C68F} = {CA5C8AA9-C4A9-4B31-81D7-8673312BB7F0}
	EndGlobalSection
EndGlobal
